// !$*UTF8*$!
{
	archiveVersion = 1;
	classes = {
	};
	objectVersion = 50;
	objects = {

/* Begin PBXBuildFile section */
		AD10C67620D24F7000A03647 /* Assets.xcassets in Resources */ = {isa = PBXBuildFile; fileRef = AD31F3D120CE7CB2002EBE4C /* Assets.xcassets */; };
		AD31F3B820CE7CB1002EBE4C /* AppDelegate.m in Sources */ = {isa = PBXBuildFile; fileRef = AD31F3B720CE7CB1002EBE4C /* AppDelegate.m */; };
		AD31F3BB20CE7CB1002EBE4C /* ViewController.m in Sources */ = {isa = PBXBuildFile; fileRef = AD31F3BA20CE7CB1002EBE4C /* ViewController.m */; };
		AD31F3BE20CE7CB1002EBE4C /* Main.storyboard in Resources */ = {isa = PBXBuildFile; fileRef = AD31F3BC20CE7CB1002EBE4C /* Main.storyboard */; };
		AD31F3C020CE7CB2002EBE4C /* Assets.xcassets in Resources */ = {isa = PBXBuildFile; fileRef = AD31F3BF20CE7CB2002EBE4C /* Assets.xcassets */; };
		AD31F3C320CE7CB2002EBE4C /* LaunchScreen.storyboard in Resources */ = {isa = PBXBuildFile; fileRef = AD31F3C120CE7CB2002EBE4C /* LaunchScreen.storyboard */; };
		AD31F3C620CE7CB2002EBE4C /* main.m in Sources */ = {isa = PBXBuildFile; fileRef = AD31F3C520CE7CB2002EBE4C /* main.m */; };
		AD31F3CA20CE7CB2002EBE4C /* Cards WatchKit App.app in Embed Watch Content */ = {isa = PBXBuildFile; fileRef = AD31F3C920CE7CB2002EBE4C /* Cards WatchKit App.app */; };
		AD31F3D020CE7CB2002EBE4C /* Interface.storyboard in Resources */ = {isa = PBXBuildFile; fileRef = AD31F3CE20CE7CB2002EBE4C /* Interface.storyboard */; };
		AD31F3D220CE7CB2002EBE4C /* Assets.xcassets in Resources */ = {isa = PBXBuildFile; fileRef = AD31F3D120CE7CB2002EBE4C /* Assets.xcassets */; };
		AD31F3D920CE7CB2002EBE4C /* Cards WatchKit Extension.appex in Embed App Extensions */ = {isa = PBXBuildFile; fileRef = AD31F3D820CE7CB2002EBE4C /* Cards WatchKit Extension.appex */; settings = {ATTRIBUTES = (RemoveHeadersOnCopy, ); }; };
		AD31F3DF20CE7CB2002EBE4C /* InterfaceController.m in Sources */ = {isa = PBXBuildFile; fileRef = AD31F3DE20CE7CB2002EBE4C /* InterfaceController.m */; };
		AD31F3E220CE7CB2002EBE4C /* ExtensionDelegate.m in Sources */ = {isa = PBXBuildFile; fileRef = AD31F3E120CE7CB2002EBE4C /* ExtensionDelegate.m */; };
		AD31F3E420CE7CB3002EBE4C /* Assets.xcassets in Resources */ = {isa = PBXBuildFile; fileRef = AD31F3E320CE7CB3002EBE4C /* Assets.xcassets */; };
		AD31F3F620CE844A002EBE4C /* lato in Resources */ = {isa = PBXBuildFile; fileRef = AD31F3F520CE844A002EBE4C /* lato */; };
		AD31F48A20CE8CE6002EBE4C /* SecondScreenInterfaceController.m in Sources */ = {isa = PBXBuildFile; fileRef = AD31F48920CE8CE6002EBE4C /* SecondScreenInterfaceController.m */; };
		AD31F48D20CE8D39002EBE4C /* ExtractionInterfaceController.m in Sources */ = {isa = PBXBuildFile; fileRef = AD31F48C20CE8D39002EBE4C /* ExtractionInterfaceController.m */; };
		AD31F49020CE8DA1002EBE4C /* AboutCardInterfaceController.m in Sources */ = {isa = PBXBuildFile; fileRef = AD31F48F20CE8DA1002EBE4C /* AboutCardInterfaceController.m */; };
		AD5904C120CFC7460068C8F0 /* CardTableRowController.m in Sources */ = {isa = PBXBuildFile; fileRef = AD5904C020CFC7460068C8F0 /* CardTableRowController.m */; };
		AD5904C420CFD80D0068C8F0 /* TransactionTableRowController.m in Sources */ = {isa = PBXBuildFile; fileRef = AD5904C320CFD80D0068C8F0 /* TransactionTableRowController.m */; };
		AD5904C720CFD8A60068C8F0 /* InfoTableRowController.m in Sources */ = {isa = PBXBuildFile; fileRef = AD5904C620CFD8A60068C8F0 /* InfoTableRowController.m */; };
		ADB9274720D7957E00CCFA6B /* Cards.plist in Resources */ = {isa = PBXBuildFile; fileRef = ADB9274620D7957E00CCFA6B /* Cards.plist */; };
		ADB9274B20D7AC6D00CCFA6B /* Card.m in Sources */ = {isa = PBXBuildFile; fileRef = ADB9274A20D7AC6D00CCFA6B /* Card.m */; };
		ADF4352A20D8F3AD00F541EE /* Statement.m in Sources */ = {isa = PBXBuildFile; fileRef = ADF4352920D8F3AD00F541EE /* Statement.m */; };
/* End PBXBuildFile section */

/* Begin PBXContainerItemProxy section */
		AD31F3CB20CE7CB2002EBE4C /* PBXContainerItemProxy */ = {
			isa = PBXContainerItemProxy;
			containerPortal = AD31F3AB20CE7CB1002EBE4C /* Project object */;
			proxyType = 1;
			remoteGlobalIDString = AD31F3C820CE7CB2002EBE4C;
			remoteInfo = "Cards WatchKit App";
		};
		AD31F3DA20CE7CB2002EBE4C /* PBXContainerItemProxy */ = {
			isa = PBXContainerItemProxy;
			containerPortal = AD31F3AB20CE7CB1002EBE4C /* Project object */;
			proxyType = 1;
			remoteGlobalIDString = AD31F3D720CE7CB2002EBE4C;
			remoteInfo = "Cards WatchKit Extension";
		};
/* End PBXContainerItemProxy section */

/* Begin PBXCopyFilesBuildPhase section */
		AD31F3EB20CE7CB3002EBE4C /* Embed App Extensions */ = {
			isa = PBXCopyFilesBuildPhase;
			buildActionMask = 2147483647;
			dstPath = "";
			dstSubfolderSpec = 13;
			files = (
				AD31F3D920CE7CB2002EBE4C /* Cards WatchKit Extension.appex in Embed App Extensions */,
			);
			name = "Embed App Extensions";
			runOnlyForDeploymentPostprocessing = 0;
		};
		AD31F3EF20CE7CB3002EBE4C /* Embed Watch Content */ = {
			isa = PBXCopyFilesBuildPhase;
			buildActionMask = 2147483647;
			dstPath = "$(CONTENTS_FOLDER_PATH)/Watch";
			dstSubfolderSpec = 16;
			files = (
				AD31F3CA20CE7CB2002EBE4C /* Cards WatchKit App.app in Embed Watch Content */,
			);
			name = "Embed Watch Content";
			runOnlyForDeploymentPostprocessing = 0;
		};
/* End PBXCopyFilesBuildPhase section */

/* Begin PBXFileReference section */
		AD31F3B320CE7CB1002EBE4C /* Cards.app */ = {isa = PBXFileReference; explicitFileType = wrapper.application; includeInIndex = 0; path = Cards.app; sourceTree = BUILT_PRODUCTS_DIR; };
		AD31F3B620CE7CB1002EBE4C /* AppDelegate.h */ = {isa = PBXFileReference; lastKnownFileType = sourcecode.c.h; path = AppDelegate.h; sourceTree = "<group>"; };
		AD31F3B720CE7CB1002EBE4C /* AppDelegate.m */ = {isa = PBXFileReference; lastKnownFileType = sourcecode.c.objc; path = AppDelegate.m; sourceTree = "<group>"; };
		AD31F3B920CE7CB1002EBE4C /* ViewController.h */ = {isa = PBXFileReference; lastKnownFileType = sourcecode.c.h; path = ViewController.h; sourceTree = "<group>"; };
		AD31F3BA20CE7CB1002EBE4C /* ViewController.m */ = {isa = PBXFileReference; lastKnownFileType = sourcecode.c.objc; path = ViewController.m; sourceTree = "<group>"; };
		AD31F3BD20CE7CB1002EBE4C /* Base */ = {isa = PBXFileReference; lastKnownFileType = file.storyboard; name = Base; path = Base.lproj/Main.storyboard; sourceTree = "<group>"; };
		AD31F3BF20CE7CB2002EBE4C /* Assets.xcassets */ = {isa = PBXFileReference; lastKnownFileType = folder.assetcatalog; path = Assets.xcassets; sourceTree = "<group>"; };
		AD31F3C220CE7CB2002EBE4C /* Base */ = {isa = PBXFileReference; lastKnownFileType = file.storyboard; name = Base; path = Base.lproj/LaunchScreen.storyboard; sourceTree = "<group>"; };
		AD31F3C420CE7CB2002EBE4C /* Info.plist */ = {isa = PBXFileReference; lastKnownFileType = text.plist.xml; path = Info.plist; sourceTree = "<group>"; };
		AD31F3C520CE7CB2002EBE4C /* main.m */ = {isa = PBXFileReference; lastKnownFileType = sourcecode.c.objc; path = main.m; sourceTree = "<group>"; };
		AD31F3C920CE7CB2002EBE4C /* Cards WatchKit App.app */ = {isa = PBXFileReference; explicitFileType = wrapper.application; includeInIndex = 0; path = "Cards WatchKit App.app"; sourceTree = BUILT_PRODUCTS_DIR; };
		AD31F3CF20CE7CB2002EBE4C /* Base */ = {isa = PBXFileReference; lastKnownFileType = file.storyboard; name = Base; path = Base.lproj/Interface.storyboard; sourceTree = "<group>"; };
		AD31F3D120CE7CB2002EBE4C /* Assets.xcassets */ = {isa = PBXFileReference; lastKnownFileType = folder.assetcatalog; path = Assets.xcassets; sourceTree = "<group>"; };
		AD31F3D320CE7CB2002EBE4C /* Info.plist */ = {isa = PBXFileReference; lastKnownFileType = text.plist.xml; path = Info.plist; sourceTree = "<group>"; };
		AD31F3D820CE7CB2002EBE4C /* Cards WatchKit Extension.appex */ = {isa = PBXFileReference; explicitFileType = "wrapper.app-extension"; includeInIndex = 0; path = "Cards WatchKit Extension.appex"; sourceTree = BUILT_PRODUCTS_DIR; };
		AD31F3DD20CE7CB2002EBE4C /* InterfaceController.h */ = {isa = PBXFileReference; lastKnownFileType = sourcecode.c.h; path = InterfaceController.h; sourceTree = "<group>"; };
		AD31F3DE20CE7CB2002EBE4C /* InterfaceController.m */ = {isa = PBXFileReference; lastKnownFileType = sourcecode.c.objc; path = InterfaceController.m; sourceTree = "<group>"; };
		AD31F3E020CE7CB2002EBE4C /* ExtensionDelegate.h */ = {isa = PBXFileReference; lastKnownFileType = sourcecode.c.h; path = ExtensionDelegate.h; sourceTree = "<group>"; };
		AD31F3E120CE7CB2002EBE4C /* ExtensionDelegate.m */ = {isa = PBXFileReference; lastKnownFileType = sourcecode.c.objc; path = ExtensionDelegate.m; sourceTree = "<group>"; };
		AD31F3E320CE7CB3002EBE4C /* Assets.xcassets */ = {isa = PBXFileReference; lastKnownFileType = folder.assetcatalog; path = Assets.xcassets; sourceTree = "<group>"; };
		AD31F3E520CE7CB3002EBE4C /* Info.plist */ = {isa = PBXFileReference; lastKnownFileType = text.plist.xml; path = Info.plist; sourceTree = "<group>"; };
		AD31F3F520CE844A002EBE4C /* lato */ = {isa = PBXFileReference; lastKnownFileType = folder; path = lato; sourceTree = "<group>"; };
		AD31F3F920CE84DD002EBE4C /* Roboto-Black-demo.html */ = {isa = PBXFileReference; lastKnownFileType = text.html; path = "Roboto-Black-demo.html"; sourceTree = "<group>"; };
		AD31F3FA20CE84DD002EBE4C /* Roboto-Black-webfont.ttf */ = {isa = PBXFileReference; lastKnownFileType = file; path = "Roboto-Black-webfont.ttf"; sourceTree = "<group>"; };
		AD31F3FC20CE84DD002EBE4C /* grid_12-825-55-15.css */ = {isa = PBXFileReference; lastKnownFileType = text.css; path = "grid_12-825-55-15.css"; sourceTree = "<group>"; };
		AD31F3FD20CE84DD002EBE4C /* Roboto-Black-cleartype.png */ = {isa = PBXFileReference; lastKnownFileType = image.png; path = "Roboto-Black-cleartype.png"; sourceTree = "<group>"; };
		AD31F3FE20CE84DD002EBE4C /* specimen_stylesheet.css */ = {isa = PBXFileReference; lastKnownFileType = text.css; path = specimen_stylesheet.css; sourceTree = "<group>"; };
		AD31F3FF20CE84DD002EBE4C /* stylesheet.css */ = {isa = PBXFileReference; lastKnownFileType = text.css; path = stylesheet.css; sourceTree = "<group>"; };
		AD31F40120CE84DD002EBE4C /* Roboto-BlackItalic-demo.html */ = {isa = PBXFileReference; lastKnownFileType = text.html; path = "Roboto-BlackItalic-demo.html"; sourceTree = "<group>"; };
		AD31F40220CE84DD002EBE4C /* Roboto-BlackItalic-webfont.ttf */ = {isa = PBXFileReference; lastKnownFileType = file; path = "Roboto-BlackItalic-webfont.ttf"; sourceTree = "<group>"; };
		AD31F40420CE84DD002EBE4C /* grid_12-825-55-15.css */ = {isa = PBXFileReference; lastKnownFileType = text.css; path = "grid_12-825-55-15.css"; sourceTree = "<group>"; };
		AD31F40520CE84DD002EBE4C /* Roboto-BlackItalic-cleartype.png */ = {isa = PBXFileReference; lastKnownFileType = image.png; path = "Roboto-BlackItalic-cleartype.png"; sourceTree = "<group>"; };
		AD31F40620CE84DD002EBE4C /* specimen_stylesheet.css */ = {isa = PBXFileReference; lastKnownFileType = text.css; path = specimen_stylesheet.css; sourceTree = "<group>"; };
		AD31F40720CE84DD002EBE4C /* stylesheet.css */ = {isa = PBXFileReference; lastKnownFileType = text.css; path = stylesheet.css; sourceTree = "<group>"; };
		AD31F40920CE84DD002EBE4C /* Roboto-Bold-demo.html */ = {isa = PBXFileReference; lastKnownFileType = text.html; path = "Roboto-Bold-demo.html"; sourceTree = "<group>"; };
		AD31F40A20CE84DD002EBE4C /* Roboto-Bold-webfont.ttf */ = {isa = PBXFileReference; lastKnownFileType = file; path = "Roboto-Bold-webfont.ttf"; sourceTree = "<group>"; };
		AD31F40C20CE84DD002EBE4C /* grid_12-825-55-15.css */ = {isa = PBXFileReference; lastKnownFileType = text.css; path = "grid_12-825-55-15.css"; sourceTree = "<group>"; };
		AD31F40D20CE84DD002EBE4C /* Roboto-Bold-cleartype.png */ = {isa = PBXFileReference; lastKnownFileType = image.png; path = "Roboto-Bold-cleartype.png"; sourceTree = "<group>"; };
		AD31F40E20CE84DD002EBE4C /* specimen_stylesheet.css */ = {isa = PBXFileReference; lastKnownFileType = text.css; path = specimen_stylesheet.css; sourceTree = "<group>"; };
		AD31F40F20CE84DD002EBE4C /* stylesheet.css */ = {isa = PBXFileReference; lastKnownFileType = text.css; path = stylesheet.css; sourceTree = "<group>"; };
		AD31F41120CE84DD002EBE4C /* RobotoCondensed-Bold-demo.html */ = {isa = PBXFileReference; lastKnownFileType = text.html; path = "RobotoCondensed-Bold-demo.html"; sourceTree = "<group>"; };
		AD31F41220CE84DD002EBE4C /* RobotoCondensed-Bold-webfont.ttf */ = {isa = PBXFileReference; lastKnownFileType = file; path = "RobotoCondensed-Bold-webfont.ttf"; sourceTree = "<group>"; };
		AD31F41420CE84DD002EBE4C /* grid_12-825-55-15.css */ = {isa = PBXFileReference; lastKnownFileType = text.css; path = "grid_12-825-55-15.css"; sourceTree = "<group>"; };
		AD31F41520CE84DD002EBE4C /* RobotoCondensed-Bold-cleartype.png */ = {isa = PBXFileReference; lastKnownFileType = image.png; path = "RobotoCondensed-Bold-cleartype.png"; sourceTree = "<group>"; };
		AD31F41620CE84DD002EBE4C /* specimen_stylesheet.css */ = {isa = PBXFileReference; lastKnownFileType = text.css; path = specimen_stylesheet.css; sourceTree = "<group>"; };
		AD31F41720CE84DD002EBE4C /* stylesheet.css */ = {isa = PBXFileReference; lastKnownFileType = text.css; path = stylesheet.css; sourceTree = "<group>"; };
		AD31F41920CE84DD002EBE4C /* RobotoCondensed-BoldItalic-demo.html */ = {isa = PBXFileReference; lastKnownFileType = text.html; path = "RobotoCondensed-BoldItalic-demo.html"; sourceTree = "<group>"; };
		AD31F41A20CE84DD002EBE4C /* RobotoCondensed-BoldItalic-webfont.ttf */ = {isa = PBXFileReference; lastKnownFileType = file; path = "RobotoCondensed-BoldItalic-webfont.ttf"; sourceTree = "<group>"; };
		AD31F41C20CE84DD002EBE4C /* grid_12-825-55-15.css */ = {isa = PBXFileReference; lastKnownFileType = text.css; path = "grid_12-825-55-15.css"; sourceTree = "<group>"; };
		AD31F41D20CE84DD002EBE4C /* RobotoCondensed-BoldItalic-cleartype.png */ = {isa = PBXFileReference; lastKnownFileType = image.png; path = "RobotoCondensed-BoldItalic-cleartype.png"; sourceTree = "<group>"; };
		AD31F41E20CE84DD002EBE4C /* specimen_stylesheet.css */ = {isa = PBXFileReference; lastKnownFileType = text.css; path = specimen_stylesheet.css; sourceTree = "<group>"; };
		AD31F41F20CE84DD002EBE4C /* stylesheet.css */ = {isa = PBXFileReference; lastKnownFileType = text.css; path = stylesheet.css; sourceTree = "<group>"; };
		AD31F42120CE84DD002EBE4C /* Roboto-BoldItalic-demo.html */ = {isa = PBXFileReference; lastKnownFileType = text.html; path = "Roboto-BoldItalic-demo.html"; sourceTree = "<group>"; };
		AD31F42220CE84DD002EBE4C /* Roboto-BoldItalic-webfont.ttf */ = {isa = PBXFileReference; lastKnownFileType = file; path = "Roboto-BoldItalic-webfont.ttf"; sourceTree = "<group>"; };
		AD31F42420CE84DD002EBE4C /* grid_12-825-55-15.css */ = {isa = PBXFileReference; lastKnownFileType = text.css; path = "grid_12-825-55-15.css"; sourceTree = "<group>"; };
		AD31F42520CE84DD002EBE4C /* Roboto-BoldItalic-cleartype.png */ = {isa = PBXFileReference; lastKnownFileType = image.png; path = "Roboto-BoldItalic-cleartype.png"; sourceTree = "<group>"; };
		AD31F42620CE84DD002EBE4C /* specimen_stylesheet.css */ = {isa = PBXFileReference; lastKnownFileType = text.css; path = specimen_stylesheet.css; sourceTree = "<group>"; };
		AD31F42720CE84DD002EBE4C /* stylesheet.css */ = {isa = PBXFileReference; lastKnownFileType = text.css; path = stylesheet.css; sourceTree = "<group>"; };
		AD31F42920CE84DD002EBE4C /* RobotoCondensed-Regular-demo.html */ = {isa = PBXFileReference; lastKnownFileType = text.html; path = "RobotoCondensed-Regular-demo.html"; sourceTree = "<group>"; };
		AD31F42A20CE84DD002EBE4C /* RobotoCondensed-Regular-webfont.ttf */ = {isa = PBXFileReference; lastKnownFileType = file; path = "RobotoCondensed-Regular-webfont.ttf"; sourceTree = "<group>"; };
		AD31F42C20CE84DD002EBE4C /* grid_12-825-55-15.css */ = {isa = PBXFileReference; lastKnownFileType = text.css; path = "grid_12-825-55-15.css"; sourceTree = "<group>"; };
		AD31F42D20CE84DD002EBE4C /* RobotoCondensed-Regular-cleartype.png */ = {isa = PBXFileReference; lastKnownFileType = image.png; path = "RobotoCondensed-Regular-cleartype.png"; sourceTree = "<group>"; };
		AD31F42E20CE84DD002EBE4C /* specimen_stylesheet.css */ = {isa = PBXFileReference; lastKnownFileType = text.css; path = specimen_stylesheet.css; sourceTree = "<group>"; };
		AD31F42F20CE84DD002EBE4C /* stylesheet.css */ = {isa = PBXFileReference; lastKnownFileType = text.css; path = stylesheet.css; sourceTree = "<group>"; };
		AD31F43120CE84DD002EBE4C /* RobotoCondensed-Italic-demo.html */ = {isa = PBXFileReference; lastKnownFileType = text.html; path = "RobotoCondensed-Italic-demo.html"; sourceTree = "<group>"; };
		AD31F43220CE84DD002EBE4C /* RobotoCondensed-Italic-webfont.ttf */ = {isa = PBXFileReference; lastKnownFileType = file; path = "RobotoCondensed-Italic-webfont.ttf"; sourceTree = "<group>"; };
		AD31F43420CE84DD002EBE4C /* grid_12-825-55-15.css */ = {isa = PBXFileReference; lastKnownFileType = text.css; path = "grid_12-825-55-15.css"; sourceTree = "<group>"; };
		AD31F43520CE84DD002EBE4C /* RobotoCondensed-Italic-cleartype.png */ = {isa = PBXFileReference; lastKnownFileType = image.png; path = "RobotoCondensed-Italic-cleartype.png"; sourceTree = "<group>"; };
		AD31F43620CE84DD002EBE4C /* specimen_stylesheet.css */ = {isa = PBXFileReference; lastKnownFileType = text.css; path = specimen_stylesheet.css; sourceTree = "<group>"; };
		AD31F43720CE84DD002EBE4C /* stylesheet.css */ = {isa = PBXFileReference; lastKnownFileType = text.css; path = stylesheet.css; sourceTree = "<group>"; };
		AD31F43920CE84DD002EBE4C /* Roboto-Italic-demo.html */ = {isa = PBXFileReference; lastKnownFileType = text.html; path = "Roboto-Italic-demo.html"; sourceTree = "<group>"; };
		AD31F43A20CE84DD002EBE4C /* Roboto-Italic-webfont.ttf */ = {isa = PBXFileReference; lastKnownFileType = file; path = "Roboto-Italic-webfont.ttf"; sourceTree = "<group>"; };
		AD31F43C20CE84DD002EBE4C /* grid_12-825-55-15.css */ = {isa = PBXFileReference; lastKnownFileType = text.css; path = "grid_12-825-55-15.css"; sourceTree = "<group>"; };
		AD31F43D20CE84DD002EBE4C /* Roboto-Italic-cleartype.png */ = {isa = PBXFileReference; lastKnownFileType = image.png; path = "Roboto-Italic-cleartype.png"; sourceTree = "<group>"; };
		AD31F43E20CE84DD002EBE4C /* specimen_stylesheet.css */ = {isa = PBXFileReference; lastKnownFileType = text.css; path = specimen_stylesheet.css; sourceTree = "<group>"; };
		AD31F43F20CE84DD002EBE4C /* stylesheet.css */ = {isa = PBXFileReference; lastKnownFileType = text.css; path = stylesheet.css; sourceTree = "<group>"; };
		AD31F44120CE84DD002EBE4C /* Roboto-Light-demo.html */ = {isa = PBXFileReference; lastKnownFileType = text.html; path = "Roboto-Light-demo.html"; sourceTree = "<group>"; };
		AD31F44220CE84DD002EBE4C /* Roboto-Light-webfont.ttf */ = {isa = PBXFileReference; lastKnownFileType = file; path = "Roboto-Light-webfont.ttf"; sourceTree = "<group>"; };
		AD31F44420CE84DD002EBE4C /* grid_12-825-55-15.css */ = {isa = PBXFileReference; lastKnownFileType = text.css; path = "grid_12-825-55-15.css"; sourceTree = "<group>"; };
		AD31F44520CE84DD002EBE4C /* Roboto-Light-cleartype.png */ = {isa = PBXFileReference; lastKnownFileType = image.png; path = "Roboto-Light-cleartype.png"; sourceTree = "<group>"; };
		AD31F44620CE84DD002EBE4C /* specimen_stylesheet.css */ = {isa = PBXFileReference; lastKnownFileType = text.css; path = specimen_stylesheet.css; sourceTree = "<group>"; };
		AD31F44720CE84DD002EBE4C /* stylesheet.css */ = {isa = PBXFileReference; lastKnownFileType = text.css; path = stylesheet.css; sourceTree = "<group>"; };
		AD31F44920CE84DD002EBE4C /* RobotoCondensed-Light-demo.html */ = {isa = PBXFileReference; lastKnownFileType = text.html; path = "RobotoCondensed-Light-demo.html"; sourceTree = "<group>"; };
		AD31F44A20CE84DD002EBE4C /* RobotoCondensed-Light-webfont.ttf */ = {isa = PBXFileReference; lastKnownFileType = file; path = "RobotoCondensed-Light-webfont.ttf"; sourceTree = "<group>"; };
		AD31F44C20CE84DD002EBE4C /* grid_12-825-55-15.css */ = {isa = PBXFileReference; lastKnownFileType = text.css; path = "grid_12-825-55-15.css"; sourceTree = "<group>"; };
		AD31F44D20CE84DD002EBE4C /* RobotoCondensed-Light-cleartype.png */ = {isa = PBXFileReference; lastKnownFileType = image.png; path = "RobotoCondensed-Light-cleartype.png"; sourceTree = "<group>"; };
		AD31F44E20CE84DD002EBE4C /* specimen_stylesheet.css */ = {isa = PBXFileReference; lastKnownFileType = text.css; path = specimen_stylesheet.css; sourceTree = "<group>"; };
		AD31F44F20CE84DD002EBE4C /* stylesheet.css */ = {isa = PBXFileReference; lastKnownFileType = text.css; path = stylesheet.css; sourceTree = "<group>"; };
		AD31F45120CE84DD002EBE4C /* RobotoCondensed-LightItalic-demo.html */ = {isa = PBXFileReference; lastKnownFileType = text.html; path = "RobotoCondensed-LightItalic-demo.html"; sourceTree = "<group>"; };
		AD31F45220CE84DD002EBE4C /* RobotoCondensed-LightItalic-webfont.ttf */ = {isa = PBXFileReference; lastKnownFileType = file; path = "RobotoCondensed-LightItalic-webfont.ttf"; sourceTree = "<group>"; };
		AD31F45420CE84DD002EBE4C /* grid_12-825-55-15.css */ = {isa = PBXFileReference; lastKnownFileType = text.css; path = "grid_12-825-55-15.css"; sourceTree = "<group>"; };
		AD31F45520CE84DD002EBE4C /* RobotoCondensed-LightItalic-cleartype.png */ = {isa = PBXFileReference; lastKnownFileType = image.png; path = "RobotoCondensed-LightItalic-cleartype.png"; sourceTree = "<group>"; };
		AD31F45620CE84DD002EBE4C /* specimen_stylesheet.css */ = {isa = PBXFileReference; lastKnownFileType = text.css; path = specimen_stylesheet.css; sourceTree = "<group>"; };
		AD31F45720CE84DD002EBE4C /* stylesheet.css */ = {isa = PBXFileReference; lastKnownFileType = text.css; path = stylesheet.css; sourceTree = "<group>"; };
		AD31F45920CE84DD002EBE4C /* Roboto-LightItalic-demo.html */ = {isa = PBXFileReference; lastKnownFileType = text.html; path = "Roboto-LightItalic-demo.html"; sourceTree = "<group>"; };
		AD31F45A20CE84DD002EBE4C /* Roboto-LightItalic-webfont.ttf */ = {isa = PBXFileReference; lastKnownFileType = file; path = "Roboto-LightItalic-webfont.ttf"; sourceTree = "<group>"; };
		AD31F45C20CE84DD002EBE4C /* grid_12-825-55-15.css */ = {isa = PBXFileReference; lastKnownFileType = text.css; path = "grid_12-825-55-15.css"; sourceTree = "<group>"; };
		AD31F45D20CE84DD002EBE4C /* Roboto-LightItalic-cleartype.png */ = {isa = PBXFileReference; lastKnownFileType = image.png; path = "Roboto-LightItalic-cleartype.png"; sourceTree = "<group>"; };
		AD31F45E20CE84DD002EBE4C /* specimen_stylesheet.css */ = {isa = PBXFileReference; lastKnownFileType = text.css; path = specimen_stylesheet.css; sourceTree = "<group>"; };
		AD31F45F20CE84DD002EBE4C /* stylesheet.css */ = {isa = PBXFileReference; lastKnownFileType = text.css; path = stylesheet.css; sourceTree = "<group>"; };
		AD31F46120CE84DD002EBE4C /* Roboto-Medium-demo.html */ = {isa = PBXFileReference; lastKnownFileType = text.html; path = "Roboto-Medium-demo.html"; sourceTree = "<group>"; };
		AD31F46220CE84DD002EBE4C /* Roboto-Medium-webfont.ttf */ = {isa = PBXFileReference; lastKnownFileType = file; path = "Roboto-Medium-webfont.ttf"; sourceTree = "<group>"; };
		AD31F46420CE84DD002EBE4C /* grid_12-825-55-15.css */ = {isa = PBXFileReference; lastKnownFileType = text.css; path = "grid_12-825-55-15.css"; sourceTree = "<group>"; };
		AD31F46520CE84DD002EBE4C /* Roboto-Medium-cleartype.png */ = {isa = PBXFileReference; lastKnownFileType = image.png; path = "Roboto-Medium-cleartype.png"; sourceTree = "<group>"; };
		AD31F46620CE84DD002EBE4C /* specimen_stylesheet.css */ = {isa = PBXFileReference; lastKnownFileType = text.css; path = specimen_stylesheet.css; sourceTree = "<group>"; };
		AD31F46720CE84DD002EBE4C /* stylesheet.css */ = {isa = PBXFileReference; lastKnownFileType = text.css; path = stylesheet.css; sourceTree = "<group>"; };
		AD31F46920CE84DD002EBE4C /* Roboto-MediumItalic-demo.html */ = {isa = PBXFileReference; lastKnownFileType = text.html; path = "Roboto-MediumItalic-demo.html"; sourceTree = "<group>"; };
		AD31F46A20CE84DD002EBE4C /* Roboto-MediumItalic-webfont.ttf */ = {isa = PBXFileReference; lastKnownFileType = file; path = "Roboto-MediumItalic-webfont.ttf"; sourceTree = "<group>"; };
		AD31F46C20CE84DD002EBE4C /* grid_12-825-55-15.css */ = {isa = PBXFileReference; lastKnownFileType = text.css; path = "grid_12-825-55-15.css"; sourceTree = "<group>"; };
		AD31F46D20CE84DD002EBE4C /* Roboto-MediumItalic-cleartype.png */ = {isa = PBXFileReference; lastKnownFileType = image.png; path = "Roboto-MediumItalic-cleartype.png"; sourceTree = "<group>"; };
		AD31F46E20CE84DD002EBE4C /* specimen_stylesheet.css */ = {isa = PBXFileReference; lastKnownFileType = text.css; path = specimen_stylesheet.css; sourceTree = "<group>"; };
		AD31F46F20CE84DD002EBE4C /* stylesheet.css */ = {isa = PBXFileReference; lastKnownFileType = text.css; path = stylesheet.css; sourceTree = "<group>"; };
		AD31F47120CE84DD002EBE4C /* Roboto-Regular-demo.html */ = {isa = PBXFileReference; lastKnownFileType = text.html; path = "Roboto-Regular-demo.html"; sourceTree = "<group>"; };
		AD31F47220CE84DD002EBE4C /* Roboto-Regular-webfont.ttf */ = {isa = PBXFileReference; lastKnownFileType = file; path = "Roboto-Regular-webfont.ttf"; sourceTree = "<group>"; };
		AD31F47420CE84DD002EBE4C /* grid_12-825-55-15.css */ = {isa = PBXFileReference; lastKnownFileType = text.css; path = "grid_12-825-55-15.css"; sourceTree = "<group>"; };
		AD31F47520CE84DD002EBE4C /* Roboto-Regular-cleartype.png */ = {isa = PBXFileReference; lastKnownFileType = image.png; path = "Roboto-Regular-cleartype.png"; sourceTree = "<group>"; };
		AD31F47620CE84DD002EBE4C /* specimen_stylesheet.css */ = {isa = PBXFileReference; lastKnownFileType = text.css; path = specimen_stylesheet.css; sourceTree = "<group>"; };
		AD31F47720CE84DD002EBE4C /* stylesheet.css */ = {isa = PBXFileReference; lastKnownFileType = text.css; path = stylesheet.css; sourceTree = "<group>"; };
		AD31F47920CE84DD002EBE4C /* Roboto-Thin-demo.html */ = {isa = PBXFileReference; lastKnownFileType = text.html; path = "Roboto-Thin-demo.html"; sourceTree = "<group>"; };
		AD31F47A20CE84DD002EBE4C /* Roboto-Thin-webfont.ttf */ = {isa = PBXFileReference; lastKnownFileType = file; path = "Roboto-Thin-webfont.ttf"; sourceTree = "<group>"; };
		AD31F47C20CE84DD002EBE4C /* grid_12-825-55-15.css */ = {isa = PBXFileReference; lastKnownFileType = text.css; path = "grid_12-825-55-15.css"; sourceTree = "<group>"; };
		AD31F47D20CE84DD002EBE4C /* Roboto-Thin-cleartype.png */ = {isa = PBXFileReference; lastKnownFileType = image.png; path = "Roboto-Thin-cleartype.png"; sourceTree = "<group>"; };
		AD31F47E20CE84DD002EBE4C /* specimen_stylesheet.css */ = {isa = PBXFileReference; lastKnownFileType = text.css; path = specimen_stylesheet.css; sourceTree = "<group>"; };
		AD31F47F20CE84DD002EBE4C /* stylesheet.css */ = {isa = PBXFileReference; lastKnownFileType = text.css; path = stylesheet.css; sourceTree = "<group>"; };
		AD31F48120CE84DD002EBE4C /* Roboto-ThinItalic-demo.html */ = {isa = PBXFileReference; lastKnownFileType = text.html; path = "Roboto-ThinItalic-demo.html"; sourceTree = "<group>"; };
		AD31F48220CE84DD002EBE4C /* Roboto-ThinItalic-webfont.ttf */ = {isa = PBXFileReference; lastKnownFileType = file; path = "Roboto-ThinItalic-webfont.ttf"; sourceTree = "<group>"; };
		AD31F48420CE84DD002EBE4C /* grid_12-825-55-15.css */ = {isa = PBXFileReference; lastKnownFileType = text.css; path = "grid_12-825-55-15.css"; sourceTree = "<group>"; };
		AD31F48520CE84DD002EBE4C /* Roboto-ThinItalic-cleartype.png */ = {isa = PBXFileReference; lastKnownFileType = image.png; path = "Roboto-ThinItalic-cleartype.png"; sourceTree = "<group>"; };
		AD31F48620CE84DD002EBE4C /* specimen_stylesheet.css */ = {isa = PBXFileReference; lastKnownFileType = text.css; path = specimen_stylesheet.css; sourceTree = "<group>"; };
		AD31F48720CE84DD002EBE4C /* stylesheet.css */ = {isa = PBXFileReference; lastKnownFileType = text.css; path = stylesheet.css; sourceTree = "<group>"; };
		AD31F48820CE8CE6002EBE4C /* SecondScreenInterfaceController.h */ = {isa = PBXFileReference; lastKnownFileType = sourcecode.c.h; path = SecondScreenInterfaceController.h; sourceTree = "<group>"; };
		AD31F48920CE8CE6002EBE4C /* SecondScreenInterfaceController.m */ = {isa = PBXFileReference; lastKnownFileType = sourcecode.c.objc; path = SecondScreenInterfaceController.m; sourceTree = "<group>"; };
		AD31F48B20CE8D39002EBE4C /* ExtractionInterfaceController.h */ = {isa = PBXFileReference; lastKnownFileType = sourcecode.c.h; path = ExtractionInterfaceController.h; sourceTree = "<group>"; };
		AD31F48C20CE8D39002EBE4C /* ExtractionInterfaceController.m */ = {isa = PBXFileReference; lastKnownFileType = sourcecode.c.objc; path = ExtractionInterfaceController.m; sourceTree = "<group>"; };
		AD31F48E20CE8DA1002EBE4C /* AboutCardInterfaceController.h */ = {isa = PBXFileReference; lastKnownFileType = sourcecode.c.h; path = AboutCardInterfaceController.h; sourceTree = "<group>"; };
		AD31F48F20CE8DA1002EBE4C /* AboutCardInterfaceController.m */ = {isa = PBXFileReference; lastKnownFileType = sourcecode.c.objc; path = AboutCardInterfaceController.m; sourceTree = "<group>"; };
		AD5904BF20CFC7450068C8F0 /* CardTableRowController.h */ = {isa = PBXFileReference; lastKnownFileType = sourcecode.c.h; path = CardTableRowController.h; sourceTree = "<group>"; };
		AD5904C020CFC7460068C8F0 /* CardTableRowController.m */ = {isa = PBXFileReference; lastKnownFileType = sourcecode.c.objc; path = CardTableRowController.m; sourceTree = "<group>"; };
		AD5904C220CFD80D0068C8F0 /* TransactionTableRowController.h */ = {isa = PBXFileReference; lastKnownFileType = sourcecode.c.h; path = TransactionTableRowController.h; sourceTree = "<group>"; };
		AD5904C320CFD80D0068C8F0 /* TransactionTableRowController.m */ = {isa = PBXFileReference; lastKnownFileType = sourcecode.c.objc; path = TransactionTableRowController.m; sourceTree = "<group>"; };
		AD5904C520CFD8A60068C8F0 /* InfoTableRowController.h */ = {isa = PBXFileReference; lastKnownFileType = sourcecode.c.h; path = InfoTableRowController.h; sourceTree = "<group>"; };
		AD5904C620CFD8A60068C8F0 /* InfoTableRowController.m */ = {isa = PBXFileReference; lastKnownFileType = sourcecode.c.objc; path = InfoTableRowController.m; sourceTree = "<group>"; };
		ADB9274620D7957E00CCFA6B /* Cards.plist */ = {isa = PBXFileReference; fileEncoding = 4; lastKnownFileType = text.plist.xml; name = Cards.plist; path = ../../../Downloads/Cards.plist; sourceTree = "<group>"; };
		ADB9274920D7AC6D00CCFA6B /* Card.h */ = {isa = PBXFileReference; lastKnownFileType = sourcecode.c.h; path = Card.h; sourceTree = "<group>"; };
		ADB9274A20D7AC6D00CCFA6B /* Card.m */ = {isa = PBXFileReference; lastKnownFileType = sourcecode.c.objc; path = Card.m; sourceTree = "<group>"; };
		ADB9274C20D7AC7D00CCFA6B /* Statement.h */ = {isa = PBXFileReference; lastKnownFileType = sourcecode.c.h; path = Statement.h; sourceTree = "<group>"; };
		ADF4352920D8F3AD00F541EE /* Statement.m */ = {isa = PBXFileReference; fileEncoding = 4; lastKnownFileType = sourcecode.c.objc; path = Statement.m; sourceTree = "<group>"; };
/* End PBXFileReference section */

/* Begin PBXFrameworksBuildPhase section */
		AD31F3B020CE7CB1002EBE4C /* Frameworks */ = {
			isa = PBXFrameworksBuildPhase;
			buildActionMask = 2147483647;
			files = (
			);
			runOnlyForDeploymentPostprocessing = 0;
		};
		AD31F3D520CE7CB2002EBE4C /* Frameworks */ = {
			isa = PBXFrameworksBuildPhase;
			buildActionMask = 2147483647;
			files = (
			);
			runOnlyForDeploymentPostprocessing = 0;
		};
/* End PBXFrameworksBuildPhase section */

/* Begin PBXGroup section */
		AD31F3AA20CE7CB1002EBE4C = {
			isa = PBXGroup;
			children = (
				AD31F3B520CE7CB1002EBE4C /* Cards */,
				AD31F3CD20CE7CB2002EBE4C /* Cards WatchKit App */,
				AD31F3DC20CE7CB2002EBE4C /* Cards WatchKit Extension */,
				AD31F3B420CE7CB1002EBE4C /* Products */,
			);
			sourceTree = "<group>";
		};
		AD31F3B420CE7CB1002EBE4C /* Products */ = {
			isa = PBXGroup;
			children = (
				AD31F3B320CE7CB1002EBE4C /* Cards.app */,
				AD31F3C920CE7CB2002EBE4C /* Cards WatchKit App.app */,
				AD31F3D820CE7CB2002EBE4C /* Cards WatchKit Extension.appex */,
			);
			name = Products;
			sourceTree = "<group>";
		};
		AD31F3B520CE7CB1002EBE4C /* Cards */ = {
			isa = PBXGroup;
			children = (
				AD31F3B620CE7CB1002EBE4C /* AppDelegate.h */,
				AD31F3B720CE7CB1002EBE4C /* AppDelegate.m */,
				AD31F3B920CE7CB1002EBE4C /* ViewController.h */,
				AD31F3BA20CE7CB1002EBE4C /* ViewController.m */,
				AD31F3BC20CE7CB1002EBE4C /* Main.storyboard */,
				AD31F3BF20CE7CB2002EBE4C /* Assets.xcassets */,
				AD31F3C120CE7CB2002EBE4C /* LaunchScreen.storyboard */,
				AD31F3C420CE7CB2002EBE4C /* Info.plist */,
				AD31F3C520CE7CB2002EBE4C /* main.m */,
			);
			path = Cards;
			sourceTree = "<group>";
		};
		AD31F3CD20CE7CB2002EBE4C /* Cards WatchKit App */ = {
			isa = PBXGroup;
			children = (
				AD31F3CE20CE7CB2002EBE4C /* Interface.storyboard */,
				AD31F3F520CE844A002EBE4C /* lato */,
				AD31F3F720CE84DD002EBE4C /* roboto */,
				AD31F3D120CE7CB2002EBE4C /* Assets.xcassets */,
				AD31F3D320CE7CB2002EBE4C /* Info.plist */,
			);
			path = "Cards WatchKit App";
			sourceTree = "<group>";
		};
		AD31F3DC20CE7CB2002EBE4C /* Cards WatchKit Extension */ = {
			isa = PBXGroup;
			children = (
				ADB9274820D7AC2400CCFA6B /* Models */,
				AD31F3E020CE7CB2002EBE4C /* ExtensionDelegate.h */,
				AD31F3E120CE7CB2002EBE4C /* ExtensionDelegate.m */,
				AD31F3E320CE7CB3002EBE4C /* Assets.xcassets */,
				ADB9274620D7957E00CCFA6B /* Cards.plist */,
				AD31F3E520CE7CB3002EBE4C /* Info.plist */,
				AD31F3DD20CE7CB2002EBE4C /* InterfaceController.h */,
				AD31F3DE20CE7CB2002EBE4C /* InterfaceController.m */,
				AD31F48820CE8CE6002EBE4C /* SecondScreenInterfaceController.h */,
				AD31F48920CE8CE6002EBE4C /* SecondScreenInterfaceController.m */,
				AD31F48B20CE8D39002EBE4C /* ExtractionInterfaceController.h */,
				AD31F48C20CE8D39002EBE4C /* ExtractionInterfaceController.m */,
				AD31F48E20CE8DA1002EBE4C /* AboutCardInterfaceController.h */,
				AD31F48F20CE8DA1002EBE4C /* AboutCardInterfaceController.m */,
				AD5904BF20CFC7450068C8F0 /* CardTableRowController.h */,
				AD5904C020CFC7460068C8F0 /* CardTableRowController.m */,
				AD5904C220CFD80D0068C8F0 /* TransactionTableRowController.h */,
				AD5904C320CFD80D0068C8F0 /* TransactionTableRowController.m */,
				AD5904C520CFD8A60068C8F0 /* InfoTableRowController.h */,
				AD5904C620CFD8A60068C8F0 /* InfoTableRowController.m */,
			);
			path = "Cards WatchKit Extension";
			sourceTree = "<group>";
		};
		AD31F3F720CE84DD002EBE4C /* roboto */ = {
			isa = PBXGroup;
			children = (
				AD31F3F820CE84DD002EBE4C /* roboto_black_ubasic */,
				AD31F40020CE84DD002EBE4C /* roboto_blackitalic_ubasic */,
				AD31F40820CE84DD002EBE4C /* roboto_bold_ubasic */,
				AD31F41020CE84DD002EBE4C /* roboto_boldcondensed_ubasic */,
				AD31F41820CE84DD002EBE4C /* roboto_boldcondenseditalic_ubasic */,
				AD31F42020CE84DD002EBE4C /* roboto_bolditalic_ubasic */,
				AD31F42820CE84DD002EBE4C /* roboto_condensed_ubasic */,
				AD31F43020CE84DD002EBE4C /* roboto_condenseditalic_ubasic */,
				AD31F43820CE84DD002EBE4C /* roboto_italic_ubasic */,
				AD31F44020CE84DD002EBE4C /* roboto_light_ubasic */,
				AD31F44820CE84DD002EBE4C /* roboto_lightcondensed_ubasic */,
				AD31F45020CE84DD002EBE4C /* roboto_lightcondenseditalic_ubasic */,
				AD31F45820CE84DD002EBE4C /* roboto_lightitalic_ubasic */,
				AD31F46020CE84DD002EBE4C /* roboto_medium_ubasic */,
				AD31F46820CE84DD002EBE4C /* roboto_mediumitalic_ubasic */,
				AD31F47020CE84DD002EBE4C /* roboto_regular_ubasic */,
				AD31F47820CE84DD002EBE4C /* roboto_thin_ubasic */,
				AD31F48020CE84DD002EBE4C /* roboto_thinitalic_ubasic */,
			);
			path = roboto;
			sourceTree = "<group>";
		};
		AD31F3F820CE84DD002EBE4C /* roboto_black_ubasic */ = {
			isa = PBXGroup;
			children = (
				AD31F3F920CE84DD002EBE4C /* Roboto-Black-demo.html */,
				AD31F3FA20CE84DD002EBE4C /* Roboto-Black-webfont.ttf */,
				AD31F3FB20CE84DD002EBE4C /* specimen_files */,
				AD31F3FF20CE84DD002EBE4C /* stylesheet.css */,
			);
			path = roboto_black_ubasic;
			sourceTree = "<group>";
		};
		AD31F3FB20CE84DD002EBE4C /* specimen_files */ = {
			isa = PBXGroup;
			children = (
				AD31F3FC20CE84DD002EBE4C /* grid_12-825-55-15.css */,
				AD31F3FD20CE84DD002EBE4C /* Roboto-Black-cleartype.png */,
				AD31F3FE20CE84DD002EBE4C /* specimen_stylesheet.css */,
			);
			path = specimen_files;
			sourceTree = "<group>";
		};
		AD31F40020CE84DD002EBE4C /* roboto_blackitalic_ubasic */ = {
			isa = PBXGroup;
			children = (
				AD31F40120CE84DD002EBE4C /* Roboto-BlackItalic-demo.html */,
				AD31F40220CE84DD002EBE4C /* Roboto-BlackItalic-webfont.ttf */,
				AD31F40320CE84DD002EBE4C /* specimen_files */,
				AD31F40720CE84DD002EBE4C /* stylesheet.css */,
			);
			path = roboto_blackitalic_ubasic;
			sourceTree = "<group>";
		};
		AD31F40320CE84DD002EBE4C /* specimen_files */ = {
			isa = PBXGroup;
			children = (
				AD31F40420CE84DD002EBE4C /* grid_12-825-55-15.css */,
				AD31F40520CE84DD002EBE4C /* Roboto-BlackItalic-cleartype.png */,
				AD31F40620CE84DD002EBE4C /* specimen_stylesheet.css */,
			);
			path = specimen_files;
			sourceTree = "<group>";
		};
		AD31F40820CE84DD002EBE4C /* roboto_bold_ubasic */ = {
			isa = PBXGroup;
			children = (
				AD31F40920CE84DD002EBE4C /* Roboto-Bold-demo.html */,
				AD31F40A20CE84DD002EBE4C /* Roboto-Bold-webfont.ttf */,
				AD31F40B20CE84DD002EBE4C /* specimen_files */,
				AD31F40F20CE84DD002EBE4C /* stylesheet.css */,
			);
			path = roboto_bold_ubasic;
			sourceTree = "<group>";
		};
		AD31F40B20CE84DD002EBE4C /* specimen_files */ = {
			isa = PBXGroup;
			children = (
				AD31F40C20CE84DD002EBE4C /* grid_12-825-55-15.css */,
				AD31F40D20CE84DD002EBE4C /* Roboto-Bold-cleartype.png */,
				AD31F40E20CE84DD002EBE4C /* specimen_stylesheet.css */,
			);
			path = specimen_files;
			sourceTree = "<group>";
		};
		AD31F41020CE84DD002EBE4C /* roboto_boldcondensed_ubasic */ = {
			isa = PBXGroup;
			children = (
				AD31F41120CE84DD002EBE4C /* RobotoCondensed-Bold-demo.html */,
				AD31F41220CE84DD002EBE4C /* RobotoCondensed-Bold-webfont.ttf */,
				AD31F41320CE84DD002EBE4C /* specimen_files */,
				AD31F41720CE84DD002EBE4C /* stylesheet.css */,
			);
			path = roboto_boldcondensed_ubasic;
			sourceTree = "<group>";
		};
		AD31F41320CE84DD002EBE4C /* specimen_files */ = {
			isa = PBXGroup;
			children = (
				AD31F41420CE84DD002EBE4C /* grid_12-825-55-15.css */,
				AD31F41520CE84DD002EBE4C /* RobotoCondensed-Bold-cleartype.png */,
				AD31F41620CE84DD002EBE4C /* specimen_stylesheet.css */,
			);
			path = specimen_files;
			sourceTree = "<group>";
		};
		AD31F41820CE84DD002EBE4C /* roboto_boldcondenseditalic_ubasic */ = {
			isa = PBXGroup;
			children = (
				AD31F41920CE84DD002EBE4C /* RobotoCondensed-BoldItalic-demo.html */,
				AD31F41A20CE84DD002EBE4C /* RobotoCondensed-BoldItalic-webfont.ttf */,
				AD31F41B20CE84DD002EBE4C /* specimen_files */,
				AD31F41F20CE84DD002EBE4C /* stylesheet.css */,
			);
			path = roboto_boldcondenseditalic_ubasic;
			sourceTree = "<group>";
		};
		AD31F41B20CE84DD002EBE4C /* specimen_files */ = {
			isa = PBXGroup;
			children = (
				AD31F41C20CE84DD002EBE4C /* grid_12-825-55-15.css */,
				AD31F41D20CE84DD002EBE4C /* RobotoCondensed-BoldItalic-cleartype.png */,
				AD31F41E20CE84DD002EBE4C /* specimen_stylesheet.css */,
			);
			path = specimen_files;
			sourceTree = "<group>";
		};
		AD31F42020CE84DD002EBE4C /* roboto_bolditalic_ubasic */ = {
			isa = PBXGroup;
			children = (
				AD31F42120CE84DD002EBE4C /* Roboto-BoldItalic-demo.html */,
				AD31F42220CE84DD002EBE4C /* Roboto-BoldItalic-webfont.ttf */,
				AD31F42320CE84DD002EBE4C /* specimen_files */,
				AD31F42720CE84DD002EBE4C /* stylesheet.css */,
			);
			path = roboto_bolditalic_ubasic;
			sourceTree = "<group>";
		};
		AD31F42320CE84DD002EBE4C /* specimen_files */ = {
			isa = PBXGroup;
			children = (
				AD31F42420CE84DD002EBE4C /* grid_12-825-55-15.css */,
				AD31F42520CE84DD002EBE4C /* Roboto-BoldItalic-cleartype.png */,
				AD31F42620CE84DD002EBE4C /* specimen_stylesheet.css */,
			);
			path = specimen_files;
			sourceTree = "<group>";
		};
		AD31F42820CE84DD002EBE4C /* roboto_condensed_ubasic */ = {
			isa = PBXGroup;
			children = (
				AD31F42920CE84DD002EBE4C /* RobotoCondensed-Regular-demo.html */,
				AD31F42A20CE84DD002EBE4C /* RobotoCondensed-Regular-webfont.ttf */,
				AD31F42B20CE84DD002EBE4C /* specimen_files */,
				AD31F42F20CE84DD002EBE4C /* stylesheet.css */,
			);
			path = roboto_condensed_ubasic;
			sourceTree = "<group>";
		};
		AD31F42B20CE84DD002EBE4C /* specimen_files */ = {
			isa = PBXGroup;
			children = (
				AD31F42C20CE84DD002EBE4C /* grid_12-825-55-15.css */,
				AD31F42D20CE84DD002EBE4C /* RobotoCondensed-Regular-cleartype.png */,
				AD31F42E20CE84DD002EBE4C /* specimen_stylesheet.css */,
			);
			path = specimen_files;
			sourceTree = "<group>";
		};
		AD31F43020CE84DD002EBE4C /* roboto_condenseditalic_ubasic */ = {
			isa = PBXGroup;
			children = (
				AD31F43120CE84DD002EBE4C /* RobotoCondensed-Italic-demo.html */,
				AD31F43220CE84DD002EBE4C /* RobotoCondensed-Italic-webfont.ttf */,
				AD31F43320CE84DD002EBE4C /* specimen_files */,
				AD31F43720CE84DD002EBE4C /* stylesheet.css */,
			);
			path = roboto_condenseditalic_ubasic;
			sourceTree = "<group>";
		};
		AD31F43320CE84DD002EBE4C /* specimen_files */ = {
			isa = PBXGroup;
			children = (
				AD31F43420CE84DD002EBE4C /* grid_12-825-55-15.css */,
				AD31F43520CE84DD002EBE4C /* RobotoCondensed-Italic-cleartype.png */,
				AD31F43620CE84DD002EBE4C /* specimen_stylesheet.css */,
			);
			path = specimen_files;
			sourceTree = "<group>";
		};
		AD31F43820CE84DD002EBE4C /* roboto_italic_ubasic */ = {
			isa = PBXGroup;
			children = (
				AD31F43920CE84DD002EBE4C /* Roboto-Italic-demo.html */,
				AD31F43A20CE84DD002EBE4C /* Roboto-Italic-webfont.ttf */,
				AD31F43B20CE84DD002EBE4C /* specimen_files */,
				AD31F43F20CE84DD002EBE4C /* stylesheet.css */,
			);
			path = roboto_italic_ubasic;
			sourceTree = "<group>";
		};
		AD31F43B20CE84DD002EBE4C /* specimen_files */ = {
			isa = PBXGroup;
			children = (
				AD31F43C20CE84DD002EBE4C /* grid_12-825-55-15.css */,
				AD31F43D20CE84DD002EBE4C /* Roboto-Italic-cleartype.png */,
				AD31F43E20CE84DD002EBE4C /* specimen_stylesheet.css */,
			);
			path = specimen_files;
			sourceTree = "<group>";
		};
		AD31F44020CE84DD002EBE4C /* roboto_light_ubasic */ = {
			isa = PBXGroup;
			children = (
				AD31F44120CE84DD002EBE4C /* Roboto-Light-demo.html */,
				AD31F44220CE84DD002EBE4C /* Roboto-Light-webfont.ttf */,
				AD31F44320CE84DD002EBE4C /* specimen_files */,
				AD31F44720CE84DD002EBE4C /* stylesheet.css */,
			);
			path = roboto_light_ubasic;
			sourceTree = "<group>";
		};
		AD31F44320CE84DD002EBE4C /* specimen_files */ = {
			isa = PBXGroup;
			children = (
				AD31F44420CE84DD002EBE4C /* grid_12-825-55-15.css */,
				AD31F44520CE84DD002EBE4C /* Roboto-Light-cleartype.png */,
				AD31F44620CE84DD002EBE4C /* specimen_stylesheet.css */,
			);
			path = specimen_files;
			sourceTree = "<group>";
		};
		AD31F44820CE84DD002EBE4C /* roboto_lightcondensed_ubasic */ = {
			isa = PBXGroup;
			children = (
				AD31F44920CE84DD002EBE4C /* RobotoCondensed-Light-demo.html */,
				AD31F44A20CE84DD002EBE4C /* RobotoCondensed-Light-webfont.ttf */,
				AD31F44B20CE84DD002EBE4C /* specimen_files */,
				AD31F44F20CE84DD002EBE4C /* stylesheet.css */,
			);
			path = roboto_lightcondensed_ubasic;
			sourceTree = "<group>";
		};
		AD31F44B20CE84DD002EBE4C /* specimen_files */ = {
			isa = PBXGroup;
			children = (
				AD31F44C20CE84DD002EBE4C /* grid_12-825-55-15.css */,
				AD31F44D20CE84DD002EBE4C /* RobotoCondensed-Light-cleartype.png */,
				AD31F44E20CE84DD002EBE4C /* specimen_stylesheet.css */,
			);
			path = specimen_files;
			sourceTree = "<group>";
		};
		AD31F45020CE84DD002EBE4C /* roboto_lightcondenseditalic_ubasic */ = {
			isa = PBXGroup;
			children = (
				AD31F45120CE84DD002EBE4C /* RobotoCondensed-LightItalic-demo.html */,
				AD31F45220CE84DD002EBE4C /* RobotoCondensed-LightItalic-webfont.ttf */,
				AD31F45320CE84DD002EBE4C /* specimen_files */,
				AD31F45720CE84DD002EBE4C /* stylesheet.css */,
			);
			path = roboto_lightcondenseditalic_ubasic;
			sourceTree = "<group>";
		};
		AD31F45320CE84DD002EBE4C /* specimen_files */ = {
			isa = PBXGroup;
			children = (
				AD31F45420CE84DD002EBE4C /* grid_12-825-55-15.css */,
				AD31F45520CE84DD002EBE4C /* RobotoCondensed-LightItalic-cleartype.png */,
				AD31F45620CE84DD002EBE4C /* specimen_stylesheet.css */,
			);
			path = specimen_files;
			sourceTree = "<group>";
		};
		AD31F45820CE84DD002EBE4C /* roboto_lightitalic_ubasic */ = {
			isa = PBXGroup;
			children = (
				AD31F45920CE84DD002EBE4C /* Roboto-LightItalic-demo.html */,
				AD31F45A20CE84DD002EBE4C /* Roboto-LightItalic-webfont.ttf */,
				AD31F45B20CE84DD002EBE4C /* specimen_files */,
				AD31F45F20CE84DD002EBE4C /* stylesheet.css */,
			);
			path = roboto_lightitalic_ubasic;
			sourceTree = "<group>";
		};
		AD31F45B20CE84DD002EBE4C /* specimen_files */ = {
			isa = PBXGroup;
			children = (
				AD31F45C20CE84DD002EBE4C /* grid_12-825-55-15.css */,
				AD31F45D20CE84DD002EBE4C /* Roboto-LightItalic-cleartype.png */,
				AD31F45E20CE84DD002EBE4C /* specimen_stylesheet.css */,
			);
			path = specimen_files;
			sourceTree = "<group>";
		};
		AD31F46020CE84DD002EBE4C /* roboto_medium_ubasic */ = {
			isa = PBXGroup;
			children = (
				AD31F46120CE84DD002EBE4C /* Roboto-Medium-demo.html */,
				AD31F46220CE84DD002EBE4C /* Roboto-Medium-webfont.ttf */,
				AD31F46320CE84DD002EBE4C /* specimen_files */,
				AD31F46720CE84DD002EBE4C /* stylesheet.css */,
			);
			path = roboto_medium_ubasic;
			sourceTree = "<group>";
		};
		AD31F46320CE84DD002EBE4C /* specimen_files */ = {
			isa = PBXGroup;
			children = (
				AD31F46420CE84DD002EBE4C /* grid_12-825-55-15.css */,
				AD31F46520CE84DD002EBE4C /* Roboto-Medium-cleartype.png */,
				AD31F46620CE84DD002EBE4C /* specimen_stylesheet.css */,
			);
			path = specimen_files;
			sourceTree = "<group>";
		};
		AD31F46820CE84DD002EBE4C /* roboto_mediumitalic_ubasic */ = {
			isa = PBXGroup;
			children = (
				AD31F46920CE84DD002EBE4C /* Roboto-MediumItalic-demo.html */,
				AD31F46A20CE84DD002EBE4C /* Roboto-MediumItalic-webfont.ttf */,
				AD31F46B20CE84DD002EBE4C /* specimen_files */,
				AD31F46F20CE84DD002EBE4C /* stylesheet.css */,
			);
			path = roboto_mediumitalic_ubasic;
			sourceTree = "<group>";
		};
		AD31F46B20CE84DD002EBE4C /* specimen_files */ = {
			isa = PBXGroup;
			children = (
				AD31F46C20CE84DD002EBE4C /* grid_12-825-55-15.css */,
				AD31F46D20CE84DD002EBE4C /* Roboto-MediumItalic-cleartype.png */,
				AD31F46E20CE84DD002EBE4C /* specimen_stylesheet.css */,
			);
			path = specimen_files;
			sourceTree = "<group>";
		};
		AD31F47020CE84DD002EBE4C /* roboto_regular_ubasic */ = {
			isa = PBXGroup;
			children = (
				AD31F47120CE84DD002EBE4C /* Roboto-Regular-demo.html */,
				AD31F47220CE84DD002EBE4C /* Roboto-Regular-webfont.ttf */,
				AD31F47320CE84DD002EBE4C /* specimen_files */,
				AD31F47720CE84DD002EBE4C /* stylesheet.css */,
			);
			path = roboto_regular_ubasic;
			sourceTree = "<group>";
		};
		AD31F47320CE84DD002EBE4C /* specimen_files */ = {
			isa = PBXGroup;
			children = (
				AD31F47420CE84DD002EBE4C /* grid_12-825-55-15.css */,
				AD31F47520CE84DD002EBE4C /* Roboto-Regular-cleartype.png */,
				AD31F47620CE84DD002EBE4C /* specimen_stylesheet.css */,
			);
			path = specimen_files;
			sourceTree = "<group>";
		};
		AD31F47820CE84DD002EBE4C /* roboto_thin_ubasic */ = {
			isa = PBXGroup;
			children = (
				AD31F47920CE84DD002EBE4C /* Roboto-Thin-demo.html */,
				AD31F47A20CE84DD002EBE4C /* Roboto-Thin-webfont.ttf */,
				AD31F47B20CE84DD002EBE4C /* specimen_files */,
				AD31F47F20CE84DD002EBE4C /* stylesheet.css */,
			);
			path = roboto_thin_ubasic;
			sourceTree = "<group>";
		};
		AD31F47B20CE84DD002EBE4C /* specimen_files */ = {
			isa = PBXGroup;
			children = (
				AD31F47C20CE84DD002EBE4C /* grid_12-825-55-15.css */,
				AD31F47D20CE84DD002EBE4C /* Roboto-Thin-cleartype.png */,
				AD31F47E20CE84DD002EBE4C /* specimen_stylesheet.css */,
			);
			path = specimen_files;
			sourceTree = "<group>";
		};
		AD31F48020CE84DD002EBE4C /* roboto_thinitalic_ubasic */ = {
			isa = PBXGroup;
			children = (
				AD31F48120CE84DD002EBE4C /* Roboto-ThinItalic-demo.html */,
				AD31F48220CE84DD002EBE4C /* Roboto-ThinItalic-webfont.ttf */,
				AD31F48320CE84DD002EBE4C /* specimen_files */,
				AD31F48720CE84DD002EBE4C /* stylesheet.css */,
			);
			path = roboto_thinitalic_ubasic;
			sourceTree = "<group>";
		};
		AD31F48320CE84DD002EBE4C /* specimen_files */ = {
			isa = PBXGroup;
			children = (
				AD31F48420CE84DD002EBE4C /* grid_12-825-55-15.css */,
				AD31F48520CE84DD002EBE4C /* Roboto-ThinItalic-cleartype.png */,
				AD31F48620CE84DD002EBE4C /* specimen_stylesheet.css */,
			);
			path = specimen_files;
			sourceTree = "<group>";
		};
		ADB9274820D7AC2400CCFA6B /* Models */ = {
			isa = PBXGroup;
			children = (
				ADB9274920D7AC6D00CCFA6B /* Card.h */,
				ADB9274A20D7AC6D00CCFA6B /* Card.m */,
				ADB9274C20D7AC7D00CCFA6B /* Statement.h */,
				ADF4352920D8F3AD00F541EE /* Statement.m */,
			);
			path = Models;
			sourceTree = "<group>";
		};
/* End PBXGroup section */

/* Begin PBXNativeTarget section */
		AD31F3B220CE7CB1002EBE4C /* Cards */ = {
			isa = PBXNativeTarget;
			buildConfigurationList = AD31F3F020CE7CB3002EBE4C /* Build configuration list for PBXNativeTarget "Cards" */;
			buildPhases = (
				AD31F3AF20CE7CB1002EBE4C /* Sources */,
				AD31F3B020CE7CB1002EBE4C /* Frameworks */,
				AD31F3B120CE7CB1002EBE4C /* Resources */,
				AD31F3EF20CE7CB3002EBE4C /* Embed Watch Content */,
			);
			buildRules = (
			);
			dependencies = (
				AD31F3CC20CE7CB2002EBE4C /* PBXTargetDependency */,
			);
			name = Cards;
			productName = Cards;
			productReference = AD31F3B320CE7CB1002EBE4C /* Cards.app */;
			productType = "com.apple.product-type.application";
		};
		AD31F3C820CE7CB2002EBE4C /* Cards WatchKit App */ = {
			isa = PBXNativeTarget;
			buildConfigurationList = AD31F3EC20CE7CB3002EBE4C /* Build configuration list for PBXNativeTarget "Cards WatchKit App" */;
			buildPhases = (
				AD31F3C720CE7CB2002EBE4C /* Resources */,
				AD31F3EB20CE7CB3002EBE4C /* Embed App Extensions */,
			);
			buildRules = (
			);
			dependencies = (
				AD31F3DB20CE7CB2002EBE4C /* PBXTargetDependency */,
			);
			name = "Cards WatchKit App";
			productName = "Cards WatchKit App";
			productReference = AD31F3C920CE7CB2002EBE4C /* Cards WatchKit App.app */;
			productType = "com.apple.product-type.application.watchapp2";
		};
		AD31F3D720CE7CB2002EBE4C /* Cards WatchKit Extension */ = {
			isa = PBXNativeTarget;
			buildConfigurationList = AD31F3E820CE7CB3002EBE4C /* Build configuration list for PBXNativeTarget "Cards WatchKit Extension" */;
			buildPhases = (
				AD31F3D420CE7CB2002EBE4C /* Sources */,
				AD31F3D520CE7CB2002EBE4C /* Frameworks */,
				AD31F3D620CE7CB2002EBE4C /* Resources */,
			);
			buildRules = (
			);
			dependencies = (
			);
			name = "Cards WatchKit Extension";
			productName = "Cards WatchKit Extension";
			productReference = AD31F3D820CE7CB2002EBE4C /* Cards WatchKit Extension.appex */;
			productType = "com.apple.product-type.watchkit2-extension";
		};
/* End PBXNativeTarget section */

/* Begin PBXProject section */
		AD31F3AB20CE7CB1002EBE4C /* Project object */ = {
			isa = PBXProject;
			attributes = {
				LastUpgradeCheck = 0940;
				ORGANIZATIONNAME = Practice;
				TargetAttributes = {
					AD31F3B220CE7CB1002EBE4C = {
						CreatedOnToolsVersion = 9.4;
					};
					AD31F3C820CE7CB2002EBE4C = {
						CreatedOnToolsVersion = 9.4;
					};
					AD31F3D720CE7CB2002EBE4C = {
						CreatedOnToolsVersion = 9.4;
					};
				};
			};
			buildConfigurationList = AD31F3AE20CE7CB1002EBE4C /* Build configuration list for PBXProject "Cards" */;
			compatibilityVersion = "Xcode 9.3";
			developmentRegion = en;
			hasScannedForEncodings = 0;
			knownRegions = (
				en,
				Base,
			);
			mainGroup = AD31F3AA20CE7CB1002EBE4C;
			productRefGroup = AD31F3B420CE7CB1002EBE4C /* Products */;
			projectDirPath = "";
			projectRoot = "";
			targets = (
				AD31F3B220CE7CB1002EBE4C /* Cards */,
				AD31F3C820CE7CB2002EBE4C /* Cards WatchKit App */,
				AD31F3D720CE7CB2002EBE4C /* Cards WatchKit Extension */,
			);
		};
/* End PBXProject section */

/* Begin PBXResourcesBuildPhase section */
		AD31F3B120CE7CB1002EBE4C /* Resources */ = {
			isa = PBXResourcesBuildPhase;
			buildActionMask = 2147483647;
			files = (
				AD31F3F620CE844A002EBE4C /* lato in Resources */,
				AD31F3C320CE7CB2002EBE4C /* LaunchScreen.storyboard in Resources */,
				AD31F3C020CE7CB2002EBE4C /* Assets.xcassets in Resources */,
				AD31F3BE20CE7CB1002EBE4C /* Main.storyboard in Resources */,
			);
			runOnlyForDeploymentPostprocessing = 0;
		};
		AD31F3C720CE7CB2002EBE4C /* Resources */ = {
			isa = PBXResourcesBuildPhase;
			buildActionMask = 2147483647;
			files = (
				AD31F3D220CE7CB2002EBE4C /* Assets.xcassets in Resources */,
				AD31F3D020CE7CB2002EBE4C /* Interface.storyboard in Resources */,
			);
			runOnlyForDeploymentPostprocessing = 0;
		};
		AD31F3D620CE7CB2002EBE4C /* Resources */ = {
			isa = PBXResourcesBuildPhase;
			buildActionMask = 2147483647;
			files = (
				ADB9274720D7957E00CCFA6B /* Cards.plist in Resources */,
				AD10C67620D24F7000A03647 /* Assets.xcassets in Resources */,
				AD31F3E420CE7CB3002EBE4C /* Assets.xcassets in Resources */,
			);
			runOnlyForDeploymentPostprocessing = 0;
		};
/* End PBXResourcesBuildPhase section */

/* Begin PBXSourcesBuildPhase section */
		AD31F3AF20CE7CB1002EBE4C /* Sources */ = {
			isa = PBXSourcesBuildPhase;
			buildActionMask = 2147483647;
			files = (
				AD31F3BB20CE7CB1002EBE4C /* ViewController.m in Sources */,
				AD31F3C620CE7CB2002EBE4C /* main.m in Sources */,
				AD31F3B820CE7CB1002EBE4C /* AppDelegate.m in Sources */,
			);
			runOnlyForDeploymentPostprocessing = 0;
		};
		AD31F3D420CE7CB2002EBE4C /* Sources */ = {
			isa = PBXSourcesBuildPhase;
			buildActionMask = 2147483647;
			files = (
				AD31F48D20CE8D39002EBE4C /* ExtractionInterfaceController.m in Sources */,
				AD31F3E220CE7CB2002EBE4C /* ExtensionDelegate.m in Sources */,
				AD31F49020CE8DA1002EBE4C /* AboutCardInterfaceController.m in Sources */,
				ADF4352A20D8F3AD00F541EE /* Statement.m in Sources */,
				AD5904C720CFD8A60068C8F0 /* InfoTableRowController.m in Sources */,
				AD31F48A20CE8CE6002EBE4C /* SecondScreenInterfaceController.m in Sources */,
				ADB9274B20D7AC6D00CCFA6B /* Card.m in Sources */,
				AD31F3DF20CE7CB2002EBE4C /* InterfaceController.m in Sources */,
				AD5904C420CFD80D0068C8F0 /* TransactionTableRowController.m in Sources */,
				AD5904C120CFC7460068C8F0 /* CardTableRowController.m in Sources */,
			);
			runOnlyForDeploymentPostprocessing = 0;
		};
/* End PBXSourcesBuildPhase section */

/* Begin PBXTargetDependency section */
		AD31F3CC20CE7CB2002EBE4C /* PBXTargetDependency */ = {
			isa = PBXTargetDependency;
			target = AD31F3C820CE7CB2002EBE4C /* Cards WatchKit App */;
			targetProxy = AD31F3CB20CE7CB2002EBE4C /* PBXContainerItemProxy */;
		};
		AD31F3DB20CE7CB2002EBE4C /* PBXTargetDependency */ = {
			isa = PBXTargetDependency;
			target = AD31F3D720CE7CB2002EBE4C /* Cards WatchKit Extension */;
			targetProxy = AD31F3DA20CE7CB2002EBE4C /* PBXContainerItemProxy */;
		};
/* End PBXTargetDependency section */

/* Begin PBXVariantGroup section */
		AD31F3BC20CE7CB1002EBE4C /* Main.storyboard */ = {
			isa = PBXVariantGroup;
			children = (
				AD31F3BD20CE7CB1002EBE4C /* Base */,
			);
			name = Main.storyboard;
			sourceTree = "<group>";
		};
		AD31F3C120CE7CB2002EBE4C /* LaunchScreen.storyboard */ = {
			isa = PBXVariantGroup;
			children = (
				AD31F3C220CE7CB2002EBE4C /* Base */,
			);
			name = LaunchScreen.storyboard;
			sourceTree = "<group>";
		};
		AD31F3CE20CE7CB2002EBE4C /* Interface.storyboard */ = {
			isa = PBXVariantGroup;
			children = (
				AD31F3CF20CE7CB2002EBE4C /* Base */,
			);
			name = Interface.storyboard;
			sourceTree = "<group>";
		};
/* End PBXVariantGroup section */

/* Begin XCBuildConfiguration section */
		AD31F3E620CE7CB3002EBE4C /* Debug */ = {
			isa = XCBuildConfiguration;
			buildSettings = {
				ALWAYS_SEARCH_USER_PATHS = NO;
				CLANG_ANALYZER_NONNULL = YES;
				CLANG_ANALYZER_NUMBER_OBJECT_CONVERSION = YES_AGGRESSIVE;
				CLANG_CXX_LANGUAGE_STANDARD = "gnu++14";
				CLANG_CXX_LIBRARY = "libc++";
				CLANG_ENABLE_MODULES = YES;
				CLANG_ENABLE_OBJC_ARC = YES;
				CLANG_ENABLE_OBJC_WEAK = YES;
				CLANG_WARN_BLOCK_CAPTURE_AUTORELEASING = YES;
				CLANG_WARN_BOOL_CONVERSION = YES;
				CLANG_WARN_COMMA = YES;
				CLANG_WARN_CONSTANT_CONVERSION = YES;
				CLANG_WARN_DEPRECATED_OBJC_IMPLEMENTATIONS = YES;
				CLANG_WARN_DIRECT_OBJC_ISA_USAGE = YES_ERROR;
				CLANG_WARN_DOCUMENTATION_COMMENTS = YES;
				CLANG_WARN_EMPTY_BODY = YES;
				CLANG_WARN_ENUM_CONVERSION = YES;
				CLANG_WARN_INFINITE_RECURSION = YES;
				CLANG_WARN_INT_CONVERSION = YES;
				CLANG_WARN_NON_LITERAL_NULL_CONVERSION = YES;
				CLANG_WARN_OBJC_IMPLICIT_RETAIN_SELF = YES;
				CLANG_WARN_OBJC_LITERAL_CONVERSION = YES;
				CLANG_WARN_OBJC_ROOT_CLASS = YES_ERROR;
				CLANG_WARN_RANGE_LOOP_ANALYSIS = YES;
				CLANG_WARN_STRICT_PROTOTYPES = YES;
				CLANG_WARN_SUSPICIOUS_MOVE = YES;
				CLANG_WARN_UNGUARDED_AVAILABILITY = YES_AGGRESSIVE;
				CLANG_WARN_UNREACHABLE_CODE = YES;
				CLANG_WARN__DUPLICATE_METHOD_MATCH = YES;
				CODE_SIGN_IDENTITY = "iPhone Developer";
				COPY_PHASE_STRIP = NO;
				DEBUG_INFORMATION_FORMAT = dwarf;
				ENABLE_STRICT_OBJC_MSGSEND = YES;
				ENABLE_TESTABILITY = YES;
				GCC_C_LANGUAGE_STANDARD = gnu11;
				GCC_DYNAMIC_NO_PIC = NO;
				GCC_NO_COMMON_BLOCKS = YES;
				GCC_OPTIMIZATION_LEVEL = 0;
				GCC_PREPROCESSOR_DEFINITIONS = (
					"DEBUG=1",
					"$(inherited)",
				);
				GCC_WARN_64_TO_32_BIT_CONVERSION = YES;
				GCC_WARN_ABOUT_RETURN_TYPE = YES_ERROR;
				GCC_WARN_UNDECLARED_SELECTOR = YES;
				GCC_WARN_UNINITIALIZED_AUTOS = YES_AGGRESSIVE;
				GCC_WARN_UNUSED_FUNCTION = YES;
				GCC_WARN_UNUSED_VARIABLE = YES;
				IPHONEOS_DEPLOYMENT_TARGET = 11.4;
				MTL_ENABLE_DEBUG_INFO = YES;
				ONLY_ACTIVE_ARCH = YES;
				SDKROOT = iphoneos;
				TARGETED_DEVICE_FAMILY = "1,2";
			};
			name = Debug;
		};
		AD31F3E720CE7CB3002EBE4C /* Release */ = {
			isa = XCBuildConfiguration;
			buildSettings = {
				ALWAYS_SEARCH_USER_PATHS = NO;
				CLANG_ANALYZER_NONNULL = YES;
				CLANG_ANALYZER_NUMBER_OBJECT_CONVERSION = YES_AGGRESSIVE;
				CLANG_CXX_LANGUAGE_STANDARD = "gnu++14";
				CLANG_CXX_LIBRARY = "libc++";
				CLANG_ENABLE_MODULES = YES;
				CLANG_ENABLE_OBJC_ARC = YES;
				CLANG_ENABLE_OBJC_WEAK = YES;
				CLANG_WARN_BLOCK_CAPTURE_AUTORELEASING = YES;
				CLANG_WARN_BOOL_CONVERSION = YES;
				CLANG_WARN_COMMA = YES;
				CLANG_WARN_CONSTANT_CONVERSION = YES;
				CLANG_WARN_DEPRECATED_OBJC_IMPLEMENTATIONS = YES;
				CLANG_WARN_DIRECT_OBJC_ISA_USAGE = YES_ERROR;
				CLANG_WARN_DOCUMENTATION_COMMENTS = YES;
				CLANG_WARN_EMPTY_BODY = YES;
				CLANG_WARN_ENUM_CONVERSION = YES;
				CLANG_WARN_INFINITE_RECURSION = YES;
				CLANG_WARN_INT_CONVERSION = YES;
				CLANG_WARN_NON_LITERAL_NULL_CONVERSION = YES;
				CLANG_WARN_OBJC_IMPLICIT_RETAIN_SELF = YES;
				CLANG_WARN_OBJC_LITERAL_CONVERSION = YES;
				CLANG_WARN_OBJC_ROOT_CLASS = YES_ERROR;
				CLANG_WARN_RANGE_LOOP_ANALYSIS = YES;
				CLANG_WARN_STRICT_PROTOTYPES = YES;
				CLANG_WARN_SUSPICIOUS_MOVE = YES;
				CLANG_WARN_UNGUARDED_AVAILABILITY = YES_AGGRESSIVE;
				CLANG_WARN_UNREACHABLE_CODE = YES;
				CLANG_WARN__DUPLICATE_METHOD_MATCH = YES;
				CODE_SIGN_IDENTITY = "iPhone Developer";
				COPY_PHASE_STRIP = NO;
				DEBUG_INFORMATION_FORMAT = "dwarf-with-dsym";
				ENABLE_NS_ASSERTIONS = NO;
				ENABLE_STRICT_OBJC_MSGSEND = YES;
				GCC_C_LANGUAGE_STANDARD = gnu11;
				GCC_NO_COMMON_BLOCKS = YES;
				GCC_WARN_64_TO_32_BIT_CONVERSION = YES;
				GCC_WARN_ABOUT_RETURN_TYPE = YES_ERROR;
				GCC_WARN_UNDECLARED_SELECTOR = YES;
				GCC_WARN_UNINITIALIZED_AUTOS = YES_AGGRESSIVE;
				GCC_WARN_UNUSED_FUNCTION = YES;
				GCC_WARN_UNUSED_VARIABLE = YES;
				IPHONEOS_DEPLOYMENT_TARGET = 11.4;
				MTL_ENABLE_DEBUG_INFO = NO;
				SDKROOT = iphoneos;
				TARGETED_DEVICE_FAMILY = "1,2";
				VALIDATE_PRODUCT = YES;
			};
			name = Release;
		};
		AD31F3E920CE7CB3002EBE4C /* Debug */ = {
			isa = XCBuildConfiguration;
			buildSettings = {
				ASSETCATALOG_COMPILER_COMPLICATION_NAME = Complication;
				CODE_SIGN_STYLE = Automatic;
				DEVELOPMENT_TEAM = 8445L6UJ4Y;
				INFOPLIST_FILE = "Cards WatchKit Extension/Info.plist";
				LD_RUNPATH_SEARCH_PATHS = (
					"$(inherited)",
					"@executable_path/Frameworks",
					"@executable_path/../../Frameworks",
				);
				PRODUCT_BUNDLE_IDENTIFIER = com.roman.Cards.watchkitapp.watchkitextension;
				PRODUCT_NAME = "${TARGET_NAME}";
				SDKROOT = watchos;
				SKIP_INSTALL = YES;
				TARGETED_DEVICE_FAMILY = 4;
			};
			name = Debug;
		};
		AD31F3EA20CE7CB3002EBE4C /* Release */ = {
			isa = XCBuildConfiguration;
			buildSettings = {
				ASSETCATALOG_COMPILER_COMPLICATION_NAME = Complication;
				CODE_SIGN_STYLE = Automatic;
				DEVELOPMENT_TEAM = 8445L6UJ4Y;
				INFOPLIST_FILE = "Cards WatchKit Extension/Info.plist";
				LD_RUNPATH_SEARCH_PATHS = (
					"$(inherited)",
					"@executable_path/Frameworks",
					"@executable_path/../../Frameworks",
				);
				PRODUCT_BUNDLE_IDENTIFIER = com.roman.Cards.watchkitapp.watchkitextension;
				PRODUCT_NAME = "${TARGET_NAME}";
				SDKROOT = watchos;
				SKIP_INSTALL = YES;
				TARGETED_DEVICE_FAMILY = 4;
			};
			name = Release;
		};
		AD31F3ED20CE7CB3002EBE4C /* Debug */ = {
			isa = XCBuildConfiguration;
			buildSettings = {
				ASSETCATALOG_COMPILER_APPICON_NAME = AppIcon;
				CODE_SIGN_STYLE = Automatic;
				DEVELOPMENT_TEAM = 8445L6UJ4Y;
				IBSC_MODULE = Cards_WatchKit_Extension;
				INFOPLIST_FILE = "Cards WatchKit App/Info.plist";
				PRODUCT_BUNDLE_IDENTIFIER = com.roman.Cards.watchkitapp;
				PRODUCT_NAME = "$(TARGET_NAME)";
				SDKROOT = watchos;
				SKIP_INSTALL = YES;
				TARGETED_DEVICE_FAMILY = 4;
				WATCHOS_DEPLOYMENT_TARGET = 4.3;
			};
			name = Debug;
		};
		AD31F3EE20CE7CB3002EBE4C /* Release */ = {
			isa = XCBuildConfiguration;
			buildSettings = {
				ASSETCATALOG_COMPILER_APPICON_NAME = AppIcon;
				CODE_SIGN_STYLE = Automatic;
				DEVELOPMENT_TEAM = 8445L6UJ4Y;
				IBSC_MODULE = Cards_WatchKit_Extension;
				INFOPLIST_FILE = "Cards WatchKit App/Info.plist";
				PRODUCT_BUNDLE_IDENTIFIER = com.roman.Cards.watchkitapp;
				PRODUCT_NAME = "$(TARGET_NAME)";
				SDKROOT = watchos;
				SKIP_INSTALL = YES;
				TARGETED_DEVICE_FAMILY = 4;
				WATCHOS_DEPLOYMENT_TARGET = 4.3;
			};
			name = Release;
		};
		AD31F3F120CE7CB3002EBE4C /* Debug */ = {
			isa = XCBuildConfiguration;
			buildSettings = {
				ASSETCATALOG_COMPILER_APPICON_NAME = AppIcon;
				CODE_SIGN_IDENTITY = "iPhone Developer";
				CODE_SIGN_STYLE = Automatic;
				DEVELOPMENT_TEAM = 8445L6UJ4Y;
				INFOPLIST_FILE = Cards/Info.plist;
				LD_RUNPATH_SEARCH_PATHS = (
					"$(inherited)",
					"@executable_path/Frameworks",
				);
				PRODUCT_BUNDLE_IDENTIFIER = com.roman.Cards;
				PRODUCT_NAME = "$(TARGET_NAME)";
				PROVISIONING_PROFILE_SPECIFIER = "";
				TARGETED_DEVICE_FAMILY = "1,2";
			};
			name = Debug;
		};
		AD31F3F220CE7CB3002EBE4C /* Release */ = {
			isa = XCBuildConfiguration;
			buildSettings = {
				ASSETCATALOG_COMPILER_APPICON_NAME = AppIcon;
				CODE_SIGN_IDENTITY = "iPhone Developer";
				CODE_SIGN_STYLE = Automatic;
				DEVELOPMENT_TEAM = 8445L6UJ4Y;
				INFOPLIST_FILE = Cards/Info.plist;
				LD_RUNPATH_SEARCH_PATHS = (
					"$(inherited)",
					"@executable_path/Frameworks",
				);
				PRODUCT_BUNDLE_IDENTIFIER = com.roman.Cards;
				PRODUCT_NAME = "$(TARGET_NAME)";
				PROVISIONING_PROFILE_SPECIFIER = "";
				TARGETED_DEVICE_FAMILY = "1,2";
			};
			name = Release;
		};
/* End XCBuildConfiguration section */

/* Begin XCConfigurationList section */
		AD31F3AE20CE7CB1002EBE4C /* Build configuration list for PBXProject "Cards" */ = {
			isa = XCConfigurationList;
			buildConfigurations = (
				AD31F3E620CE7CB3002EBE4C /* Debug */,
				AD31F3E720CE7CB3002EBE4C /* Release */,
			);
			defaultConfigurationIsVisible = 0;
			defaultConfigurationName = Release;
		};
		AD31F3E820CE7CB3002EBE4C /* Build configuration list for PBXNativeTarget "Cards WatchKit Extension" */ = {
			isa = XCConfigurationList;
			buildConfigurations = (
				AD31F3E920CE7CB3002EBE4C /* Debug */,
				AD31F3EA20CE7CB3002EBE4C /* Release */,
			);
			defaultConfigurationIsVisible = 0;
			defaultConfigurationName = Release;
		};
		AD31F3EC20CE7CB3002EBE4C /* Build configuration list for PBXNativeTarget "Cards WatchKit App" */ = {
			isa = XCConfigurationList;
			buildConfigurations = (
				AD31F3ED20CE7CB3002EBE4C /* Debug */,
				AD31F3EE20CE7CB3002EBE4C /* Release */,
			);
			defaultConfigurationIsVisible = 0;
			defaultConfigurationName = Release;
		};
		AD31F3F020CE7CB3002EBE4C /* Build configuration list for PBXNativeTarget "Cards" */ = {
			isa = XCConfigurationList;
			buildConfigurations = (
				AD31F3F120CE7CB3002EBE4C /* Debug */,
				AD31F3F220CE7CB3002EBE4C /* Release */,
			);
			defaultConfigurationIsVisible = 0;
			defaultConfigurationName = Release;
		};
/* End XCConfigurationList section */
	};
	rootObject = AD31F3AB20CE7CB1002EBE4C /* Project object */;
}
